<?xml version="1.0" encoding="utf-8"?>
<Project ToolsVersion="4.0" xmlns="http://schemas.microsoft.com/developer/msbuild/2003">
  <ItemGroup>
    <ClCompile Include="src\Stack_a.c">
      <Filter>src</Filter>
    </ClCompile>
    <ClCompile Include="src\assert.c">
      <Filter>src</Filter>
    </ClCompile>
    <ClCompile Include="src\mem.c">
      <Filter>src</Filter>
    </ClCompile>
    <ClCompile Include="src\except.c">
      <Filter>src</Filter>
    </ClCompile>
    <ClCompile Include="src\atom.c">
      <Filter>src</Filter>
    </ClCompile>
    <ClCompile Include="..\..\user\bsp\src\bsp_led.c">
      <Filter>usr\bsp\src</Filter>
    </ClCompile>
    <ClCompile Include="..\..\user\bsp.c">
      <Filter>usr\bsp</Filter>
    </ClCompile>
    <ClCompile Include="..\..\user\main.c">
      <Filter>usr</Filter>
    </ClCompile>
    <ClCompile Include="..\..\user\bsp\stm32f10x_assert.c">
      <Filter>usr\bsp</Filter>
    </ClCompile>
    <ClCompile Include="..\..\user\bsp\stm32f10x_it.c">
      <Filter>usr\bsp</Filter>
    </ClCompile>
    <ClCompile Include="..\..\user\SysInfoTest.c">
      <Filter>usr\bsp</Filter>
    </ClCompile>
    <ClCompile Include="..\..\user\bsp\src\bsp_st7587.c">
      <Filter>usr\bsp\src</Filter>
    </ClCompile>
    <ClCompile Include="..\..\user\hal\src\hal_queue.c">
      <Filter>usr\hal\src</Filter>
    </ClCompile>
    <ClCompile Include="..\..\user\hal\src\hal_button.c">
      <Filter>usr\hal\src</Filter>
    </ClCompile>
    <ClCompile Include="..\..\user\task\src\task_button.c">
      <Filter>usr\task\src</Filter>
    </ClCompile>
    <ClCompile Include="..\..\user\bsp\src\bsp_button.c">
      <Filter>usr\bsp\src</Filter>
    </ClCompile>
    <ClCompile Include="..\..\user\bsp\src\BSP_gui.c" />
  </ItemGroup>
  <ItemGroup>
    <ClInclude Include="inc\Stack_a.h">
      <Filter>inc</Filter>
    </ClInclude>
    <ClInclude Include="inc\atom.h">
      <Filter>inc</Filter>
    </ClInclude>
    <ClInclude Include="..\..\user\includes.h">
      <Filter>usr</Filter>
    </ClInclude>
    <ClInclude Include="..\..\user\FreeRTOSConfig.h">
      <Filter>usr</Filter>
    </ClInclude>
  </ItemGroup>
  <ItemGroup>
    <Filter Include="src">
      <UniqueIdentifier>{c52623e5-bb3d-4bc7-bcbd-cce460eeb8f2}</UniqueIdentifier>
    </Filter>
    <Filter Include="inc">
      <UniqueIdentifier>{7f4e4b82-6966-4892-8d7c-5b34f6ced4cc}</UniqueIdentifier>
    </Filter>
    <Filter Include="usr">
      <UniqueIdentifier>{a6381c35-9f95-4ace-b4d7-2294ca343d6c}</UniqueIdentifier>
    </Filter>
    <Filter Include="usr\bsp">
      <UniqueIdentifier>{6322989d-7163-4b20-b9ae-2cf887a98dcf}</UniqueIdentifier>
    </Filter>
    <Filter Include="usr\bsp\src">
      <UniqueIdentifier>{45b3b074-e70b-44a7-804f-3675e3115768}</UniqueIdentifier>
    </Filter>
    <Filter Include="usr\hal">
      <UniqueIdentifier>{08b9b580-8a77-4543-8f90-fb6feff90bea}</UniqueIdentifier>
    </Filter>
    <Filter Include="usr\hal\src">
      <UniqueIdentifier>{bb6e8401-f0d4-4568-a4de-f3f4532d1df2}</UniqueIdentifier>
    </Filter>
    <Filter Include="usr\task">
      <UniqueIdentifier>{555c1b47-462b-4a56-86e7-c22d538c6dae}</UniqueIdentifier>
    </Filter>
    <Filter Include="usr\task\src">
      <UniqueIdentifier>{60b271c6-ee05-4b15-beee-79a1a5f70016}</UniqueIdentifier>
    </Filter>
  </ItemGroup>
</Project>